{
  "nodes": {
    "flake-utils": {
      "locked": {
        "lastModified": 1656928814,
        "narHash": "sha256-RIFfgBuKz6Hp89yRr7+NR5tzIAbn52h8vT6vXkYjZoM=",
        "owner": "numtide",
        "repo": "flake-utils",
        "rev": "7e2a3b3dfd9af950a856d66b0a7d01e3c18aa249",
        "type": "github"
      },
      "original": {
        "owner": "numtide",
        "repo": "flake-utils",
        "type": "github"
      }
    },
    "nixpkgs": {
      "locked": {
        "lastModified": 1653920503,
        "narHash": "sha256-BBeCZwZImtjP3oYy4WogkQYy5OxNyfNciVSc1AfZgLQ=",
        "owner": "NixOS",
        "repo": "nixpkgs",
        "rev": "a634c8f6c1fbf9b9730e01764999666f3436f10a",
        "type": "github"
      },
      "original": {
        "owner": "NixOS",
        "repo": "nixpkgs",
        "rev": "a634c8f6c1fbf9b9730e01764999666f3436f10a",
        "type": "github"
      }
    },
    "nixpkgs-unstable": {
      "locked": {
        "lastModified": 1653918805,
        "narHash": "sha256-6ahwAnBNGgqSNSn/6RnsxrlFi+fkA+RyT6o/5S1915o=",
        "owner": "NixOS",
        "repo": "nixpkgs",
        "rev": "a0a69be4b5ee63f1b5e75887a406e9194012b492",
        "type": "github"
      },
      "original": {
        "owner": "NixOS",
        "repo": "nixpkgs",
        "rev": "a0a69be4b5ee63f1b5e75887a406e9194012b492",
        "type": "github"
      }
    },
    "root": {
      "inputs": {
        "flake-utils": "flake-utils",
        "nixpkgs": "nixpkgs",
        "nixpkgs-unstable": "nixpkgs-unstable"
      }
    }
  },
  "root": "root",
  "version": 7
}
